# This file is automatically @generated by Poetry and should not be changed by hand.

[[package]]
name = "pybind11"
version = "2.10.3"
description = "Seamless operability between C++11 and Python"
category = "main"
optional = false
python-versions = ">=3.6"
files = [
    {file = "pybind11-2.10.3-py3-none-any.whl", hash = "sha256:123e303f39ad5de97ddfa4f1f473cb85881a0a94ee5714eb3c37e2405371fc12"},
    {file = "pybind11-2.10.3.tar.gz", hash = "sha256:08cfe6d4f73746447cc85a400c8169a91608b8a00c5feecd8ff251a70565d12f"},
]

[package.extras]
global = ["pybind11-global (==2.10.3)"]

[metadata]
lock-version = "2.0"
python-versions = "^3.10"
content-hash = "fee974be10d2e1270df28c197a1a7618ea6f5c0504ef7da0f1e5a132d224b09e"
